
Microsoft Visual Studio Solution File, Format Version 12.00
# Visual Studio Version 16
VisualStudioVersion = 16.0.32002.261
MinimumVisualStudioVersion = 10.0.40219.1
Project("{FAE04EC0-301F-11D3-BF4B-00C04F79EFBC}") = "BrikenaVinca", "BrikenaVinca\BrikenaVinca.csproj", "{D6C0FC50-CC93-4EE1-A02B-D3525AD26357}"
EndProject
Global
	GlobalSection(SolutionConfigurationPlatforms) = preSolution
		Debug|Any CPU = Debug|Any CPU
		Release|Any CPU = Release|Any CPU
	EndGlobalSection
	GlobalSection(ProjectConfigurationPlatforms) = postSolution
		{D6C0FC50-CC93-4EE1-A02B-D3525AD26357}.Debug|Any CPU.ActiveCfg = Debug|Any CPU
		{D6C0FC50-CC93-4EE1-A02B-D3525AD26357}.Debug|Any CPU.Build.0 = Debug|Any CPU
		{D6C0FC50-CC93-4EE1-A02B-D3525AD26357}.Release|Any CPU.ActiveCfg = Release|Any CPU
		{D6C0FC50-CC93-4EE1-A02B-D3525AD26357}.Release|Any CPU.Build.0 = Release|Any CPU
	EndGlobalSection
	GlobalSection(SolutionProperties) = preSolution
		HideSolutionNode = FALSE
	EndGlobalSection
	GlobalSection(ExtensibilityGlobals) = postSolution
		SolutionGuid = {952507AE-496B-40C6-9FE1-A38E89E10093}
	EndGlobalSection
EndGlobal
